<?xml version="1.0" encoding="UTF-8" standalone="yes" ?>
<CodeBlocks_project_file>
	<FileVersion major="1" minor="6" />
	<Project>
		<Option title="hierstruct" />
		<Option pch_mode="2" />
		<Option compiler="gcc" />
		<Build>
			<Target title="Debug">
				<Option output="bin/Debug/hierstruct" prefix_auto="1" extension_auto="1" />
				<Option object_output="obj/Debug/" />
				<Option type="1" />
				<Option compiler="gcc" />
				<Compiler>
					<Add option="-g" />
					<Add directory="../../../../usr/local/boost_1_49_0" />
				</Compiler>
				<Linker>
					<Add library="../../../../usr/lib/libboost_regex.so" />
				</Linker>
			</Target>
			<Target title="Release">
				<Option output="bin/Release/hierstruct" prefix_auto="1" extension_auto="1" />
				<Option object_output="obj/Release/" />
				<Option type="1" />
				<Option compiler="gcc" />
				<Compiler>
					<Add option="-O2" />
				</Compiler>
				<Linker>
					<Add option="-s" />
				</Linker>
			</Target>
		</Build>
		<Compiler>
			<Add option="-Wall" />
			<Add option="-fexceptions" />
			<Add directory="../../../../usr/local/boost_1_49_0" />
		</Compiler>
		<Unit filename="Common.h" />
		<Unit filename="ConvertRST2TST" />
		<Unit filename="ConvertRST2TST.cpp" />
		<Unit filename="SynTreeSQ.cpp" />
		<Unit filename="SynTreeSQ.h" />
		<Unit filename="TransAnalysis.cpp" />
		<Unit filename="TransAnalysis.h" />
		<Unit filename="analysis.cpp">
			<Option target="Debug" />
		</Unit>
		<Unit filename="analysis.h">
			<Option target="Debug" />
		</Unit>
		<Unit filename="main.cpp" />
		<Extensions>
			<code_completion />
			<debugger />
		</Extensions>
	</Project>
</CodeBlocks_project_file>
